// !$*UTF8*$!
{
	archiveVersion = 1;
	classes = {
	};
	objectVersion = 52;
	objects = {

/* Begin PBXBuildFile section */
		058557BB273AAA24004C7B11 /* Assets.xcassets in Resources */ = {isa = PBXBuildFile; fileRef = 058557BA273AAA24004C7B11 /* Assets.xcassets */; };
		058557D9273AAEEB004C7B11 /* Preview Assets.xcassets in Resources */ = {isa = PBXBuildFile; fileRef = 058557D8273AAEEB004C7B11 /* Preview Assets.xcassets */; };
		07D9046829C85166003D2912 /* GPSObservation.swift in Sources */ = {isa = PBXBuildFile; fileRef = 07D9046729C85166003D2912 /* GPSObservation.swift */; };
		07EF6C4129B5E0C700CEF37D /* PermissionManager.swift in Sources */ = {isa = PBXBuildFile; fileRef = 07EF6C4029B5E0C700CEF37D /* PermissionManager.swift */; };
		1F13BA432993951200938C1E /* ConsentList.swift in Sources */ = {isa = PBXBuildFile; fileRef = 1F13BA422993951200938C1E /* ConsentList.swift */; };
		1F13BA45299396B200938C1E /* ConsentListHeader.swift in Sources */ = {isa = PBXBuildFile; fileRef = 1F13BA44299396B200938C1E /* ConsentListHeader.swift */; };
		1F13BA472993972E00938C1E /* ConsentListItem.swift in Sources */ = {isa = PBXBuildFile; fileRef = 1F13BA462993972E00938C1E /* ConsentListItem.swift */; };
		1F13BA492993985800938C1E /* InactiveText.swift in Sources */ = {isa = PBXBuildFile; fileRef = 1F13BA482993985800938C1E /* InactiveText.swift */; };
		1F13BA4B299398FD00938C1E /* MoreTextStyle.swift in Sources */ = {isa = PBXBuildFile; fileRef = 1F13BA4A299398FD00938C1E /* MoreTextStyle.swift */; };
		1F13BA4D29939E4F00938C1E /* MoreListStyleEdgeInsets.swift in Sources */ = {isa = PBXBuildFile; fileRef = 1F13BA4C29939E4F00938C1E /* MoreListStyleEdgeInsets.swift */; };
		1F13BA4F2993A2A600938C1E /* ContentViewModel.swift in Sources */ = {isa = PBXBuildFile; fileRef = 1F13BA4E2993A2A600938C1E /* ContentViewModel.swift */; };
		1F17C08C29952C29000E124A /* ConsentView.strings in Resources */ = {isa = PBXBuildFile; fileRef = 1F17C08B29952C29000E124A /* ConsentView.strings */; };
		1F34797129B8AFE10030CA15 /* IOSObservationFactory.swift in Sources */ = {isa = PBXBuildFile; fileRef = 1F34797029B8AFE10030CA15 /* IOSObservationFactory.swift */; };
		1F34797329B8BC1B0030CA15 /* NetworkServiceExtension.swift in Sources */ = {isa = PBXBuildFile; fileRef = 1F34797229B8BC1B0030CA15 /* NetworkServiceExtension.swift */; };
		1F34797529B8BECB0030CA15 /* AccelerometerObservation.swift in Sources */ = {isa = PBXBuildFile; fileRef = 1F34797429B8BECB0030CA15 /* AccelerometerObservation.swift */; };
		1F43996C29B8D6D300687906 /* Realm in Frameworks */ = {isa = PBXBuildFile; productRef = ED7B7A3F29B7A36300C724AB /* Realm */; };
		1F43996D29B8D6D300687906 /* RealmSwift in Frameworks */ = {isa = PBXBuildFile; productRef = ED7B7A4129B7A36300C724AB /* RealmSwift */; };
		1F43997029B8D6FB00687906 /* ScheduleView.swift in Sources */ = {isa = PBXBuildFile; fileRef = 1F43996E29B8D6FB00687906 /* ScheduleView.swift */; };
		1F43997129B8D6FB00687906 /* ScheduleViewModel.swift in Sources */ = {isa = PBXBuildFile; fileRef = 1F43996F29B8D6FB00687906 /* ScheduleViewModel.swift */; };
		1F43997929B8D70800687906 /* ScheduleList.swift in Sources */ = {isa = PBXBuildFile; fileRef = 1F43997229B8D70800687906 /* ScheduleList.swift */; };
		1F43997A29B8D70800687906 /* ScheduleViewModel.strings in Resources */ = {isa = PBXBuildFile; fileRef = 1F43997329B8D70800687906 /* ScheduleViewModel.strings */; };
		1F43997B29B8D70800687906 /* ObservationButton.swift in Sources */ = {isa = PBXBuildFile; fileRef = 1F43997429B8D70800687906 /* ObservationButton.swift */; };
		1F43997C29B8D70800687906 /* ObservationDetails.swift in Sources */ = {isa = PBXBuildFile; fileRef = 1F43997529B8D70800687906 /* ObservationDetails.swift */; };
		1F43997D29B8D70800687906 /* ScheduleListItem.swift in Sources */ = {isa = PBXBuildFile; fileRef = 1F43997629B8D70800687906 /* ScheduleListItem.swift */; };
		1F43998129B8EA5100687906 /* DictionaryExtension.swift in Sources */ = {isa = PBXBuildFile; fileRef = 1F43998029B8EA5100687906 /* DictionaryExtension.swift */; };
		1F43998529C0FE2200687906 /* Navigation.swift in Sources */ = {isa = PBXBuildFile; fileRef = 1F43998429C0FE2200687906 /* Navigation.swift */; };
		1F43998929C0FF3E00687906 /* MainTabView.swift in Sources */ = {isa = PBXBuildFile; fileRef = 1F43998829C0FF3E00687906 /* MainTabView.swift */; };
		1F43998C29C1006800687906 /* NotificationView.swift in Sources */ = {isa = PBXBuildFile; fileRef = 1F43998B29C1006800687906 /* NotificationView.swift */; };
		1F43998F29C1010400687906 /* InfoView.swift in Sources */ = {isa = PBXBuildFile; fileRef = 1F43998E29C1010400687906 /* InfoView.swift */; };
		1F60C58629951A5F00858581 /* ErrorText.swift in Sources */ = {isa = PBXBuildFile; fileRef = 1F60C58529951A5F00858581 /* ErrorText.swift */; };
		1F6D338129C1D2C70036532B /* ViewModifierExtension.swift in Sources */ = {isa = PBXBuildFile; fileRef = 1F6D338029C1D2C70036532B /* ViewModifierExtension.swift */; };
		1F6D338529C1DD6D0036532B /* ScheduleModelExtension.swift in Sources */ = {isa = PBXBuildFile; fileRef = 1F6D338429C1DD6D0036532B /* ScheduleModelExtension.swift */; };
		1F80EC3F29C223BC004667B1 /* MoreMainBackground.swift in Sources */ = {isa = PBXBuildFile; fileRef = 1F80EC3E29C223BC004667B1 /* MoreMainBackground.swift */; };
		1F80EC4129C25025004667B1 /* Navigation.strings in Resources */ = {isa = PBXBuildFile; fileRef = 1F80EC4029C25025004667B1 /* Navigation.strings */; };
		1F80EC4529C2524F004667B1 /* NavigationScreens.swift in Sources */ = {isa = PBXBuildFile; fileRef = 1F80EC4429C2524F004667B1 /* NavigationScreens.swift */; };
		1F80EC4729C83F74004667B1 /* iOSObservationDataManager.swift in Sources */ = {isa = PBXBuildFile; fileRef = 1F80EC4629C83F74004667B1 /* iOSObservationDataManager.swift */; };
		1F8847B729911E6E0023EF10 /* LoginViewModel.swift in Sources */ = {isa = PBXBuildFile; fileRef = 1F8847B629911E6E0023EF10 /* LoginViewModel.swift */; };
		1F8847BA29914C8D0023EF10 /* Title.swift in Sources */ = {isa = PBXBuildFile; fileRef = 1F8847B929914C8D0023EF10 /* Title.swift */; };
		1F8847BD29914E7F0023EF10 /* LoginView.strings in Resources */ = {isa = PBXBuildFile; fileRef = 1F8847BF29914E7F0023EF10 /* LoginView.strings */; };
		1F8847C129914FD60023EF10 /* StringExtension.swift in Sources */ = {isa = PBXBuildFile; fileRef = 1F8847C029914FD60023EF10 /* StringExtension.swift */; };
		1F8847C62991523D0023EF10 /* Default.strings in Resources */ = {isa = PBXBuildFile; fileRef = 1F8847C52991523D0023EF10 /* Default.strings */; };
		1F8847C82991535B0023EF10 /* MoreFontWeight.swift in Sources */ = {isa = PBXBuildFile; fileRef = 1F8847C72991535B0023EF10 /* MoreFontWeight.swift */; };
		1F8847CA299154120023EF10 /* MoreFont.swift in Sources */ = {isa = PBXBuildFile; fileRef = 1F8847C9299154120023EF10 /* MoreFont.swift */; };
		1F8847CE299155F50023EF10 /* SectionHeading.swift in Sources */ = {isa = PBXBuildFile; fileRef = 1F8847CD299155F50023EF10 /* SectionHeading.swift */; };
		1F8847D2299158880023EF10 /* UIToggleFoldViewButton.swift in Sources */ = {isa = PBXBuildFile; fileRef = 1F8847D1299158880023EF10 /* UIToggleFoldViewButton.swift */; };
		1F8847D4299158BD0023EF10 /* MoreImage.swift in Sources */ = {isa = PBXBuildFile; fileRef = 1F8847D3299158BC0023EF10 /* MoreImage.swift */; };
		1F8847D629915ADE0023EF10 /* MoreAnimation.swift in Sources */ = {isa = PBXBuildFile; fileRef = 1F8847D529915ADE0023EF10 /* MoreAnimation.swift */; };
		1F8847D829915C030023EF10 /* MoreTextField.swift in Sources */ = {isa = PBXBuildFile; fileRef = 1F8847D729915C030023EF10 /* MoreTextField.swift */; };
		1F8847E0299160400023EF10 /* MoreTextFieldStyle.swift in Sources */ = {isa = PBXBuildFile; fileRef = 1F8847DF299160400023EF10 /* MoreTextFieldStyle.swift */; };
		1F8847E229917F5D0023EF10 /* MoreActionButton.swift in Sources */ = {isa = PBXBuildFile; fileRef = 1F8847E129917F5D0023EF10 /* MoreActionButton.swift */; };
		1F8847E4299180980023EF10 /* MoreBorder.swift in Sources */ = {isa = PBXBuildFile; fileRef = 1F8847E3299180980023EF10 /* MoreBorder.swift */; };
		1F8847E6299182C90023EF10 /* LoginButton.swift in Sources */ = {isa = PBXBuildFile; fileRef = 1F8847E5299182C90023EF10 /* LoginButton.swift */; };
		1F8847E82992BEE30023EF10 /* BasicText.swift in Sources */ = {isa = PBXBuildFile; fileRef = 1F8847E72992BEE30023EF10 /* BasicText.swift */; };
		1F8847EA2992C0060023EF10 /* MoreContainer.swift in Sources */ = {isa = PBXBuildFile; fileRef = 1F8847E92992C0060023EF10 /* MoreContainer.swift */; };
		1F8847EC2992C3240023EF10 /* MoreFrame.swift in Sources */ = {isa = PBXBuildFile; fileRef = 1F8847EB2992C3240023EF10 /* MoreFrame.swift */; };
		1F8847EF29938C610023EF10 /* ConsentView.swift in Sources */ = {isa = PBXBuildFile; fileRef = 1F8847EE29938C610023EF10 /* ConsentView.swift */; };
		1F8847F129938C6B0023EF10 /* ConsentViewModel.swift in Sources */ = {isa = PBXBuildFile; fileRef = 1F8847F029938C6B0023EF10 /* ConsentViewModel.swift */; };
		1F9C3E8E298AAC1A00B9AC82 /* LoginView.swift in Sources */ = {isa = PBXBuildFile; fileRef = 1F9C3E8D298AAC1A00B9AC82 /* LoginView.swift */; };
		1F9C3E90298AACC100B9AC82 /* MoreMainBackgroundView.swift in Sources */ = {isa = PBXBuildFile; fileRef = 1F9C3E8F298AACC100B9AC82 /* MoreMainBackgroundView.swift */; };
		1F9DB1A0298CF44000DBB7DB /* MoreColor.swift in Sources */ = {isa = PBXBuildFile; fileRef = 1F9DB19F298CF44000DBB7DB /* MoreColor.swift */; };
		1F9DB1A3298D022E00DBB7DB /* MoreImages.xcassets in Resources */ = {isa = PBXBuildFile; fileRef = 1F9DB1A2298D022E00DBB7DB /* MoreImages.xcassets */; };
		1F9DB1A5298D02FB00DBB7DB /* MoreColors.xcassets in Resources */ = {isa = PBXBuildFile; fileRef = 1F9DB1A4298D02FB00DBB7DB /* MoreColors.xcassets */; };
		1FDC264629C1C60F0011D8A4 /* ListViewExtension.swift in Sources */ = {isa = PBXBuildFile; fileRef = 1FDC264529C1C60F0011D8A4 /* ListViewExtension.swift */; };
		1FDC264829C1CEF40011D8A4 /* InfoListItem.swift in Sources */ = {isa = PBXBuildFile; fileRef = 1FDC264729C1CEF40011D8A4 /* InfoListItem.swift */; };
		1FDC264A29C1CFE80011D8A4 /* NavigationText.swift in Sources */ = {isa = PBXBuildFile; fileRef = 1FDC264929C1CFE80011D8A4 /* NavigationText.swift */; };
		1FDC264C29C1D1660011D8A4 /* InfoList.swift in Sources */ = {isa = PBXBuildFile; fileRef = 1FDC264B29C1D1660011D8A4 /* InfoList.swift */; };
		1FE4447029C849DC006AA11C /* Semaphore.swift in Sources */ = {isa = PBXBuildFile; fileRef = 1FE4446F29C849DC006AA11C /* Semaphore.swift */; };
		1FE4447229C85D94006AA11C /* IOSDataRecorder.swift in Sources */ = {isa = PBXBuildFile; fileRef = 1FE4447129C85D94006AA11C /* IOSDataRecorder.swift */; };
		2152FB042600AC8F00CF470E /* iOSApp.swift in Sources */ = {isa = PBXBuildFile; fileRef = 2152FB032600AC8F00CF470E /* iOSApp.swift */; };
		7555FF83242A565900829871 /* ContentView.swift in Sources */ = {isa = PBXBuildFile; fileRef = 7555FF82242A565900829871 /* ContentView.swift */; };
		B748DF3429CAFBA90026C348 /* TaskDetail.strings in Resources */ = {isa = PBXBuildFile; fileRef = B748DF3329CAFBA90026C348 /* TaskDetail.strings */; };
		B748DF3629CC43990026C348 /* ExpandableText.swift in Sources */ = {isa = PBXBuildFile; fileRef = B748DF3529CC43990026C348 /* ExpandableText.swift */; };
		B748DF3829CC4AD30026C348 /* ExpandableText.strings in Resources */ = {isa = PBXBuildFile; fileRef = B748DF3729CC4AD30026C348 /* ExpandableText.strings */; };
		B748DF3C29CC6B380026C348 /* ObservatinoDetailsData.swift in Sources */ = {isa = PBXBuildFile; fileRef = B748DF3B29CC6B380026C348 /* ObservatinoDetailsData.swift */; };
		B784169029C8B1DA0035D830 /* InlineAbortButton.swift in Sources */ = {isa = PBXBuildFile; fileRef = B784168F29C8B1DA0035D830 /* InlineAbortButton.swift */; };
		B784169229C9E3F50035D830 /* Title2.swift in Sources */ = {isa = PBXBuildFile; fileRef = B784169129C9E3F50035D830 /* Title2.swift */; };
		B784169629C9FB2C0035D830 /* AccordionItem.swift in Sources */ = {isa = PBXBuildFile; fileRef = B784169529C9FB2C0035D830 /* AccordionItem.swift */; };
		B784169829CA08850035D830 /* CircleActivityIndicator.swift in Sources */ = {isa = PBXBuildFile; fileRef = B784169729CA08850035D830 /* CircleActivityIndicator.swift */; };
		B784169A29CA18320035D830 /* DatapointsCollection.swift in Sources */ = {isa = PBXBuildFile; fileRef = B784169929CA18320035D830 /* DatapointsCollection.swift */; };
		ED16C5E729B72E2F00DA8AFE /* MoreFilter.swift in Sources */ = {isa = PBXBuildFile; fileRef = ED16C5E629B72E2F00DA8AFE /* MoreFilter.swift */; };
		ED16C5E929B7309F00DA8AFE /* StudyTitleForwardButton.swift in Sources */ = {isa = PBXBuildFile; fileRef = ED16C5E829B7309F00DA8AFE /* StudyTitleForwardButton.swift */; };
		ED16C5EB29B7380300DA8AFE /* DashboardPicker.swift in Sources */ = {isa = PBXBuildFile; fileRef = ED16C5EA29B7380300DA8AFE /* DashboardPicker.swift */; };
		ED16C5ED29B73ADF00DA8AFE /* TaskProgressView.swift in Sources */ = {isa = PBXBuildFile; fileRef = ED16C5EC29B73ADF00DA8AFE /* TaskProgressView.swift */; };
		ED16C5F429B75FF000DA8AFE /* ScheduleListView.strings in Resources */ = {isa = PBXBuildFile; fileRef = ED16C5F329B75FF000DA8AFE /* ScheduleListView.strings */; };
		ED5EBB3129B1F44900BAF0A6 /* DashboardView.strings in Resources */ = {isa = PBXBuildFile; fileRef = ED5EBB3029B1F44900BAF0A6 /* DashboardView.strings */; };
		ED7AE1EB29C8A2B200616B93 /* TaskDetailsViewModel.swift in Sources */ = {isa = PBXBuildFile; fileRef = ED7AE1EA29C8A2B200616B93 /* TaskDetailsViewModel.swift */; };
		ED7AE1ED29C8A2BF00616B93 /* TaskDetailsView.swift in Sources */ = {isa = PBXBuildFile; fileRef = ED7AE1EC29C8A2BF00616B93 /* TaskDetailsView.swift */; };
		EDACF62729D2F31D0032327B /* PolarBleSdk in Frameworks */ = {isa = PBXBuildFile; productRef = EDACF62629D2F31D0032327B /* PolarBleSdk */; };
		EDBB2B4429B8B2A100CA973E /* Int64Extension.swift in Sources */ = {isa = PBXBuildFile; fileRef = EDBB2B4329B8B2A100CA973E /* Int64Extension.swift */; };
		EDBB2B4829B8CFE400CA973E /* SettingsViewModel.swift in Sources */ = {isa = PBXBuildFile; fileRef = EDBB2B4729B8CFE400CA973E /* SettingsViewModel.swift */; };
		EDBB2B4A29B8CFF000CA973E /* SettingsView.swift in Sources */ = {isa = PBXBuildFile; fileRef = EDBB2B4929B8CFF000CA973E /* SettingsView.swift */; };
		EDBB2B4C29B8D1C500CA973E /* SettingsView.strings in Resources */ = {isa = PBXBuildFile; fileRef = EDBB2B4B29B8D1C500CA973E /* SettingsView.strings */; };
		EDD808D729BF4C3A005779DC /* MoreBackButton.swift in Sources */ = {isa = PBXBuildFile; fileRef = EDD808D629BF4C3A005779DC /* MoreBackButton.swift */; };
		EDDAEDB029B5DAD700141491 /* UISegmentedControlExtension.swift in Sources */ = {isa = PBXBuildFile; fileRef = EDDAEDAF29B5DAD700141491 /* UISegmentedControlExtension.swift */; };
		EDEBA13329B0D2EE00533F79 /* DashboardViewModel.swift in Sources */ = {isa = PBXBuildFile; fileRef = EDEBA13229B0D2EE00533F79 /* DashboardViewModel.swift */; };
		EDEBA13529B0D30200533F79 /* DashboardView.swift in Sources */ = {isa = PBXBuildFile; fileRef = EDEBA13429B0D30200533F79 /* DashboardView.swift */; };
/* End PBXBuildFile section */

/* Begin PBXCopyFilesBuildPhase section */
		7555FFB4242A642300829871 /* Embed Frameworks */ = {
			isa = PBXCopyFilesBuildPhase;
			buildActionMask = 2147483647;
			dstPath = "";
			dstSubfolderSpec = 10;
			files = (
			);
			name = "Embed Frameworks";
			runOnlyForDeploymentPostprocessing = 0;
		};
/* End PBXCopyFilesBuildPhase section */

/* Begin PBXFileReference section */
		058557BA273AAA24004C7B11 /* Assets.xcassets */ = {isa = PBXFileReference; lastKnownFileType = folder.assetcatalog; path = Assets.xcassets; sourceTree = "<group>"; };
		058557D8273AAEEB004C7B11 /* Preview Assets.xcassets */ = {isa = PBXFileReference; lastKnownFileType = folder.assetcatalog; path = "Preview Assets.xcassets"; sourceTree = "<group>"; };
		07D9046729C85166003D2912 /* GPSObservation.swift */ = {isa = PBXFileReference; lastKnownFileType = sourcecode.swift; path = GPSObservation.swift; sourceTree = "<group>"; };
		07EF6C4029B5E0C700CEF37D /* PermissionManager.swift */ = {isa = PBXFileReference; lastKnownFileType = sourcecode.swift; path = PermissionManager.swift; sourceTree = "<group>"; };
		1F13BA422993951200938C1E /* ConsentList.swift */ = {isa = PBXFileReference; lastKnownFileType = sourcecode.swift; path = ConsentList.swift; sourceTree = "<group>"; };
		1F13BA44299396B200938C1E /* ConsentListHeader.swift */ = {isa = PBXFileReference; lastKnownFileType = sourcecode.swift; path = ConsentListHeader.swift; sourceTree = "<group>"; };
		1F13BA462993972E00938C1E /* ConsentListItem.swift */ = {isa = PBXFileReference; lastKnownFileType = sourcecode.swift; path = ConsentListItem.swift; sourceTree = "<group>"; };
		1F13BA482993985800938C1E /* InactiveText.swift */ = {isa = PBXFileReference; lastKnownFileType = sourcecode.swift; path = InactiveText.swift; sourceTree = "<group>"; };
		1F13BA4A299398FD00938C1E /* MoreTextStyle.swift */ = {isa = PBXFileReference; lastKnownFileType = sourcecode.swift; path = MoreTextStyle.swift; sourceTree = "<group>"; };
		1F13BA4C29939E4F00938C1E /* MoreListStyleEdgeInsets.swift */ = {isa = PBXFileReference; lastKnownFileType = sourcecode.swift; path = MoreListStyleEdgeInsets.swift; sourceTree = "<group>"; };
		1F13BA4E2993A2A600938C1E /* ContentViewModel.swift */ = {isa = PBXFileReference; lastKnownFileType = sourcecode.swift; path = ContentViewModel.swift; sourceTree = "<group>"; };
		1F17C08B29952C29000E124A /* ConsentView.strings */ = {isa = PBXFileReference; lastKnownFileType = text.plist.strings; path = ConsentView.strings; sourceTree = "<group>"; };
		1F34797029B8AFE10030CA15 /* IOSObservationFactory.swift */ = {isa = PBXFileReference; lastKnownFileType = sourcecode.swift; path = IOSObservationFactory.swift; sourceTree = "<group>"; };
		1F34797229B8BC1B0030CA15 /* NetworkServiceExtension.swift */ = {isa = PBXFileReference; lastKnownFileType = sourcecode.swift; path = NetworkServiceExtension.swift; sourceTree = "<group>"; };
		1F34797429B8BECB0030CA15 /* AccelerometerObservation.swift */ = {isa = PBXFileReference; lastKnownFileType = sourcecode.swift; path = AccelerometerObservation.swift; sourceTree = "<group>"; };
		1F43996E29B8D6FB00687906 /* ScheduleView.swift */ = {isa = PBXFileReference; fileEncoding = 4; lastKnownFileType = sourcecode.swift; path = ScheduleView.swift; sourceTree = "<group>"; };
		1F43996F29B8D6FB00687906 /* ScheduleViewModel.swift */ = {isa = PBXFileReference; fileEncoding = 4; lastKnownFileType = sourcecode.swift; path = ScheduleViewModel.swift; sourceTree = "<group>"; };
		1F43997229B8D70800687906 /* ScheduleList.swift */ = {isa = PBXFileReference; fileEncoding = 4; lastKnownFileType = sourcecode.swift; path = ScheduleList.swift; sourceTree = "<group>"; };
		1F43997329B8D70800687906 /* ScheduleViewModel.strings */ = {isa = PBXFileReference; fileEncoding = 4; lastKnownFileType = text.plist.strings; path = ScheduleViewModel.strings; sourceTree = "<group>"; };
		1F43997429B8D70800687906 /* ObservationButton.swift */ = {isa = PBXFileReference; fileEncoding = 4; lastKnownFileType = sourcecode.swift; path = ObservationButton.swift; sourceTree = "<group>"; };
		1F43997529B8D70800687906 /* ObservationDetails.swift */ = {isa = PBXFileReference; fileEncoding = 4; lastKnownFileType = sourcecode.swift; path = ObservationDetails.swift; sourceTree = "<group>"; };
		1F43997629B8D70800687906 /* ScheduleListItem.swift */ = {isa = PBXFileReference; fileEncoding = 4; lastKnownFileType = sourcecode.swift; path = ScheduleListItem.swift; sourceTree = "<group>"; };
		1F43998029B8EA5100687906 /* DictionaryExtension.swift */ = {isa = PBXFileReference; lastKnownFileType = sourcecode.swift; path = DictionaryExtension.swift; sourceTree = "<group>"; };
		1F43998429C0FE2200687906 /* Navigation.swift */ = {isa = PBXFileReference; fileEncoding = 4; lastKnownFileType = sourcecode.swift; path = Navigation.swift; sourceTree = "<group>"; };
		1F43998829C0FF3E00687906 /* MainTabView.swift */ = {isa = PBXFileReference; lastKnownFileType = sourcecode.swift; path = MainTabView.swift; sourceTree = "<group>"; };
		1F43998B29C1006800687906 /* NotificationView.swift */ = {isa = PBXFileReference; lastKnownFileType = sourcecode.swift; path = NotificationView.swift; sourceTree = "<group>"; };
		1F43998E29C1010400687906 /* InfoView.swift */ = {isa = PBXFileReference; lastKnownFileType = sourcecode.swift; path = InfoView.swift; sourceTree = "<group>"; };
		1F60C58529951A5F00858581 /* ErrorText.swift */ = {isa = PBXFileReference; lastKnownFileType = sourcecode.swift; path = ErrorText.swift; sourceTree = "<group>"; };
		1F6D338029C1D2C70036532B /* ViewModifierExtension.swift */ = {isa = PBXFileReference; lastKnownFileType = sourcecode.swift; path = ViewModifierExtension.swift; sourceTree = "<group>"; };
		1F6D338429C1DD6D0036532B /* ScheduleModelExtension.swift */ = {isa = PBXFileReference; lastKnownFileType = sourcecode.swift; path = ScheduleModelExtension.swift; sourceTree = "<group>"; };
		1F80EC3E29C223BC004667B1 /* MoreMainBackground.swift */ = {isa = PBXFileReference; fileEncoding = 4; lastKnownFileType = sourcecode.swift; path = MoreMainBackground.swift; sourceTree = "<group>"; };
		1F80EC4029C25025004667B1 /* Navigation.strings */ = {isa = PBXFileReference; lastKnownFileType = text.plist.strings; path = Navigation.strings; sourceTree = "<group>"; };
		1F80EC4429C2524F004667B1 /* NavigationScreens.swift */ = {isa = PBXFileReference; lastKnownFileType = sourcecode.swift; path = NavigationScreens.swift; sourceTree = "<group>"; };
		1F80EC4629C83F74004667B1 /* iOSObservationDataManager.swift */ = {isa = PBXFileReference; lastKnownFileType = sourcecode.swift; path = iOSObservationDataManager.swift; sourceTree = "<group>"; };
		1F8847B629911E6E0023EF10 /* LoginViewModel.swift */ = {isa = PBXFileReference; lastKnownFileType = sourcecode.swift; path = LoginViewModel.swift; sourceTree = "<group>"; };
		1F8847B929914C8D0023EF10 /* Title.swift */ = {isa = PBXFileReference; lastKnownFileType = sourcecode.swift; path = Title.swift; sourceTree = "<group>"; };
		1F8847BE29914E7F0023EF10 /* en */ = {isa = PBXFileReference; lastKnownFileType = text.plist.strings; name = en; path = en.lproj/LoginView.strings; sourceTree = "<group>"; };
		1F8847C029914FD60023EF10 /* StringExtension.swift */ = {isa = PBXFileReference; lastKnownFileType = sourcecode.swift; path = StringExtension.swift; sourceTree = "<group>"; };
		1F8847C52991523D0023EF10 /* Default.strings */ = {isa = PBXFileReference; lastKnownFileType = text.plist.strings; path = Default.strings; sourceTree = "<group>"; };
		1F8847C72991535B0023EF10 /* MoreFontWeight.swift */ = {isa = PBXFileReference; lastKnownFileType = sourcecode.swift; path = MoreFontWeight.swift; sourceTree = "<group>"; };
		1F8847C9299154120023EF10 /* MoreFont.swift */ = {isa = PBXFileReference; lastKnownFileType = sourcecode.swift; path = MoreFont.swift; sourceTree = "<group>"; };
		1F8847CD299155F50023EF10 /* SectionHeading.swift */ = {isa = PBXFileReference; lastKnownFileType = sourcecode.swift; path = SectionHeading.swift; sourceTree = "<group>"; };
		1F8847D1299158880023EF10 /* UIToggleFoldViewButton.swift */ = {isa = PBXFileReference; lastKnownFileType = sourcecode.swift; path = UIToggleFoldViewButton.swift; sourceTree = "<group>"; };
		1F8847D3299158BC0023EF10 /* MoreImage.swift */ = {isa = PBXFileReference; lastKnownFileType = sourcecode.swift; path = MoreImage.swift; sourceTree = "<group>"; };
		1F8847D529915ADE0023EF10 /* MoreAnimation.swift */ = {isa = PBXFileReference; lastKnownFileType = sourcecode.swift; path = MoreAnimation.swift; sourceTree = "<group>"; };
		1F8847D729915C030023EF10 /* MoreTextField.swift */ = {isa = PBXFileReference; lastKnownFileType = sourcecode.swift; path = MoreTextField.swift; sourceTree = "<group>"; };
		1F8847DF299160400023EF10 /* MoreTextFieldStyle.swift */ = {isa = PBXFileReference; lastKnownFileType = sourcecode.swift; path = MoreTextFieldStyle.swift; sourceTree = "<group>"; };
		1F8847E129917F5D0023EF10 /* MoreActionButton.swift */ = {isa = PBXFileReference; lastKnownFileType = sourcecode.swift; path = MoreActionButton.swift; sourceTree = "<group>"; };
		1F8847E3299180980023EF10 /* MoreBorder.swift */ = {isa = PBXFileReference; lastKnownFileType = sourcecode.swift; path = MoreBorder.swift; sourceTree = "<group>"; };
		1F8847E5299182C90023EF10 /* LoginButton.swift */ = {isa = PBXFileReference; lastKnownFileType = sourcecode.swift; path = LoginButton.swift; sourceTree = "<group>"; };
		1F8847E72992BEE30023EF10 /* BasicText.swift */ = {isa = PBXFileReference; lastKnownFileType = sourcecode.swift; path = BasicText.swift; sourceTree = "<group>"; };
		1F8847E92992C0060023EF10 /* MoreContainer.swift */ = {isa = PBXFileReference; lastKnownFileType = sourcecode.swift; path = MoreContainer.swift; sourceTree = "<group>"; };
		1F8847EB2992C3240023EF10 /* MoreFrame.swift */ = {isa = PBXFileReference; lastKnownFileType = sourcecode.swift; path = MoreFrame.swift; sourceTree = "<group>"; };
		1F8847EE29938C610023EF10 /* ConsentView.swift */ = {isa = PBXFileReference; lastKnownFileType = sourcecode.swift; path = ConsentView.swift; sourceTree = "<group>"; };
		1F8847F029938C6B0023EF10 /* ConsentViewModel.swift */ = {isa = PBXFileReference; lastKnownFileType = sourcecode.swift; path = ConsentViewModel.swift; sourceTree = "<group>"; };
		1F9C3E8D298AAC1A00B9AC82 /* LoginView.swift */ = {isa = PBXFileReference; lastKnownFileType = sourcecode.swift; path = LoginView.swift; sourceTree = "<group>"; };
		1F9C3E8F298AACC100B9AC82 /* MoreMainBackgroundView.swift */ = {isa = PBXFileReference; lastKnownFileType = sourcecode.swift; path = MoreMainBackgroundView.swift; sourceTree = "<group>"; };
		1F9DB19F298CF44000DBB7DB /* MoreColor.swift */ = {isa = PBXFileReference; lastKnownFileType = sourcecode.swift; path = MoreColor.swift; sourceTree = "<group>"; };
		1F9DB1A2298D022E00DBB7DB /* MoreImages.xcassets */ = {isa = PBXFileReference; lastKnownFileType = folder.assetcatalog; path = MoreImages.xcassets; sourceTree = "<group>"; };
		1F9DB1A4298D02FB00DBB7DB /* MoreColors.xcassets */ = {isa = PBXFileReference; lastKnownFileType = folder.assetcatalog; path = MoreColors.xcassets; sourceTree = "<group>"; };
		1FDC264529C1C60F0011D8A4 /* ListViewExtension.swift */ = {isa = PBXFileReference; lastKnownFileType = sourcecode.swift; path = ListViewExtension.swift; sourceTree = "<group>"; };
		1FDC264729C1CEF40011D8A4 /* InfoListItem.swift */ = {isa = PBXFileReference; lastKnownFileType = sourcecode.swift; path = InfoListItem.swift; sourceTree = "<group>"; };
		1FDC264929C1CFE80011D8A4 /* NavigationText.swift */ = {isa = PBXFileReference; lastKnownFileType = sourcecode.swift; path = NavigationText.swift; sourceTree = "<group>"; };
		1FDC264B29C1D1660011D8A4 /* InfoList.swift */ = {isa = PBXFileReference; lastKnownFileType = sourcecode.swift; path = InfoList.swift; sourceTree = "<group>"; };
		1FE4446F29C849DC006AA11C /* Semaphore.swift */ = {isa = PBXFileReference; lastKnownFileType = sourcecode.swift; path = Semaphore.swift; sourceTree = "<group>"; };
		1FE4447129C85D94006AA11C /* IOSDataRecorder.swift */ = {isa = PBXFileReference; lastKnownFileType = sourcecode.swift; path = IOSDataRecorder.swift; sourceTree = "<group>"; };
		2152FB032600AC8F00CF470E /* iOSApp.swift */ = {isa = PBXFileReference; lastKnownFileType = sourcecode.swift; path = iOSApp.swift; sourceTree = "<group>"; xcLanguageSpecificationIdentifier = xcode.lang.swift; };
		7555FF7B242A565900829871 /* iosApp.app */ = {isa = PBXFileReference; explicitFileType = wrapper.application; includeInIndex = 0; path = iosApp.app; sourceTree = BUILT_PRODUCTS_DIR; };
		7555FF82242A565900829871 /* ContentView.swift */ = {isa = PBXFileReference; lastKnownFileType = sourcecode.swift; path = ContentView.swift; sourceTree = "<group>"; };
		7555FF8C242A565B00829871 /* Info.plist */ = {isa = PBXFileReference; lastKnownFileType = text.plist.xml; path = Info.plist; sourceTree = "<group>"; };
		B748DF3329CAFBA90026C348 /* TaskDetail.strings */ = {isa = PBXFileReference; lastKnownFileType = text.plist.strings; path = TaskDetail.strings; sourceTree = "<group>"; };
		B748DF3529CC43990026C348 /* ExpandableText.swift */ = {isa = PBXFileReference; lastKnownFileType = sourcecode.swift; path = ExpandableText.swift; sourceTree = "<group>"; };
		B748DF3729CC4AD30026C348 /* ExpandableText.strings */ = {isa = PBXFileReference; lastKnownFileType = text.plist.strings; path = ExpandableText.strings; sourceTree = "<group>"; };
		B748DF3B29CC6B380026C348 /* ObservatinoDetailsData.swift */ = {isa = PBXFileReference; lastKnownFileType = sourcecode.swift; path = ObservatinoDetailsData.swift; sourceTree = "<group>"; };
		B784168F29C8B1DA0035D830 /* InlineAbortButton.swift */ = {isa = PBXFileReference; lastKnownFileType = sourcecode.swift; path = InlineAbortButton.swift; sourceTree = "<group>"; };
		B784169129C9E3F50035D830 /* Title2.swift */ = {isa = PBXFileReference; lastKnownFileType = sourcecode.swift; path = Title2.swift; sourceTree = "<group>"; };
		B784169529C9FB2C0035D830 /* AccordionItem.swift */ = {isa = PBXFileReference; lastKnownFileType = sourcecode.swift; path = AccordionItem.swift; sourceTree = "<group>"; };
		B784169729CA08850035D830 /* CircleActivityIndicator.swift */ = {isa = PBXFileReference; lastKnownFileType = sourcecode.swift; path = CircleActivityIndicator.swift; sourceTree = "<group>"; };
		B784169929CA18320035D830 /* DatapointsCollection.swift */ = {isa = PBXFileReference; lastKnownFileType = sourcecode.swift; path = DatapointsCollection.swift; sourceTree = "<group>"; };
		ED16C5E629B72E2F00DA8AFE /* MoreFilter.swift */ = {isa = PBXFileReference; lastKnownFileType = sourcecode.swift; path = MoreFilter.swift; sourceTree = "<group>"; };
		ED16C5E829B7309F00DA8AFE /* StudyTitleForwardButton.swift */ = {isa = PBXFileReference; lastKnownFileType = sourcecode.swift; path = StudyTitleForwardButton.swift; sourceTree = "<group>"; };
		ED16C5EA29B7380300DA8AFE /* DashboardPicker.swift */ = {isa = PBXFileReference; lastKnownFileType = sourcecode.swift; path = DashboardPicker.swift; sourceTree = "<group>"; };
		ED16C5EC29B73ADF00DA8AFE /* TaskProgressView.swift */ = {isa = PBXFileReference; lastKnownFileType = sourcecode.swift; path = TaskProgressView.swift; sourceTree = "<group>"; };
		ED16C5EF29B74FD900DA8AFE /* ObservationDetails.swift */ = {isa = PBXFileReference; lastKnownFileType = sourcecode.swift; path = ObservationDetails.swift; sourceTree = "<group>"; };
		ED16C5F329B75FF000DA8AFE /* ScheduleListView.strings */ = {isa = PBXFileReference; lastKnownFileType = text.plist.strings; path = ScheduleListView.strings; sourceTree = "<group>"; };
		ED16C5F629B764DC00DA8AFE /* ScheduleView.swift */ = {isa = PBXFileReference; lastKnownFileType = sourcecode.swift; path = ScheduleView.swift; sourceTree = "<group>"; };
		ED16C5FA29B764FE00DA8AFE /* ScheduleViewModel.swift */ = {isa = PBXFileReference; lastKnownFileType = sourcecode.swift; path = ScheduleViewModel.swift; sourceTree = "<group>"; };
		ED5EBB3029B1F44900BAF0A6 /* DashboardView.strings */ = {isa = PBXFileReference; lastKnownFileType = text.plist.strings; path = DashboardView.strings; sourceTree = "<group>"; };
		ED5EBB3429B21A4000BAF0A6 /* ScheduleList.swift */ = {isa = PBXFileReference; lastKnownFileType = sourcecode.swift; path = ScheduleList.swift; sourceTree = "<group>"; };
		ED5EBB3629B21A8A00BAF0A6 /* ScheduleListItem.swift */ = {isa = PBXFileReference; lastKnownFileType = sourcecode.swift; path = ScheduleListItem.swift; sourceTree = "<group>"; };
		ED7AE1EA29C8A2B200616B93 /* TaskDetailsViewModel.swift */ = {isa = PBXFileReference; lastKnownFileType = sourcecode.swift; path = TaskDetailsViewModel.swift; sourceTree = "<group>"; };
		ED7AE1EC29C8A2BF00616B93 /* TaskDetailsView.swift */ = {isa = PBXFileReference; lastKnownFileType = sourcecode.swift; path = TaskDetailsView.swift; sourceTree = "<group>"; };
		EDBB2B4129B8ACD400CA973E /* ScheduleDateWithList.swift */ = {isa = PBXFileReference; lastKnownFileType = sourcecode.swift; path = ScheduleDateWithList.swift; sourceTree = "<group>"; };
		EDBB2B4329B8B2A100CA973E /* Int64Extension.swift */ = {isa = PBXFileReference; lastKnownFileType = sourcecode.swift; path = Int64Extension.swift; sourceTree = "<group>"; };
		EDBB2B4729B8CFE400CA973E /* SettingsViewModel.swift */ = {isa = PBXFileReference; lastKnownFileType = sourcecode.swift; path = SettingsViewModel.swift; sourceTree = "<group>"; };
		EDBB2B4929B8CFF000CA973E /* SettingsView.swift */ = {isa = PBXFileReference; lastKnownFileType = sourcecode.swift; path = SettingsView.swift; sourceTree = "<group>"; };
		EDBB2B4B29B8D1C500CA973E /* SettingsView.strings */ = {isa = PBXFileReference; lastKnownFileType = text.plist.strings; path = SettingsView.strings; sourceTree = "<group>"; };
		EDC89B1029B899D400E0A160 /* StartObservationButton.swift */ = {isa = PBXFileReference; lastKnownFileType = sourcecode.swift; path = StartObservationButton.swift; sourceTree = "<group>"; };
		EDD808D629BF4C3A005779DC /* MoreBackButton.swift */ = {isa = PBXFileReference; lastKnownFileType = sourcecode.swift; path = MoreBackButton.swift; sourceTree = "<group>"; };
		EDDAEDAF29B5DAD700141491 /* UISegmentedControlExtension.swift */ = {isa = PBXFileReference; lastKnownFileType = sourcecode.swift; path = UISegmentedControlExtension.swift; sourceTree = "<group>"; };
		EDEBA13229B0D2EE00533F79 /* DashboardViewModel.swift */ = {isa = PBXFileReference; lastKnownFileType = sourcecode.swift; path = DashboardViewModel.swift; sourceTree = "<group>"; };
		EDEBA13429B0D30200533F79 /* DashboardView.swift */ = {isa = PBXFileReference; lastKnownFileType = sourcecode.swift; path = DashboardView.swift; sourceTree = "<group>"; };
/* End PBXFileReference section */

/* Begin PBXFrameworksBuildPhase section */
		7555FF78242A565900829871 /* Frameworks */ = {
			isa = PBXFrameworksBuildPhase;
			buildActionMask = 2147483647;
			files = (
				1F43996D29B8D6D300687906 /* RealmSwift in Frameworks */,
				EDACF62729D2F31D0032327B /* PolarBleSdk in Frameworks */,
				1F43996C29B8D6D300687906 /* Realm in Frameworks */,
			);
			runOnlyForDeploymentPostprocessing = 0;
		};
/* End PBXFrameworksBuildPhase section */

/* Begin PBXGroup section */
		058557D7273AAEEB004C7B11 /* Preview Content */ = {
			isa = PBXGroup;
			children = (
				058557D8273AAEEB004C7B11 /* Preview Assets.xcassets */,
			);
			path = "Preview Content";
			sourceTree = "<group>";
		};
		07EF6C3F29B5E09500CEF37D /* Permissions */ = {
			isa = PBXGroup;
			children = (
				07EF6C4029B5E0C700CEF37D /* PermissionManager.swift */,
			);
			path = Permissions;
			sourceTree = "<group>";
		};
		1F0BFA2D29B8D399003B3AB9 /* Recovered References */ = {
			isa = PBXGroup;
			children = (
				ED16C5F629B764DC00DA8AFE /* ScheduleView.swift */,
				ED16C5FA29B764FE00DA8AFE /* ScheduleViewModel.swift */,
				ED16C5EF29B74FD900DA8AFE /* ObservationDetails.swift */,
				ED5EBB3629B21A8A00BAF0A6 /* ScheduleListItem.swift */,
				EDBB2B4129B8ACD400CA973E /* ScheduleDateWithList.swift */,
				EDC89B1029B899D400E0A160 /* StartObservationButton.swift */,
				ED5EBB3429B21A4000BAF0A6 /* ScheduleList.swift */,
			);
			name = "Recovered References";
			sourceTree = "<group>";
		};
		1F34796F29B8AFCB0030CA15 /* Observations */ = {
			isa = PBXGroup;
			children = (
				1F34797029B8AFE10030CA15 /* IOSObservationFactory.swift */,
				1F34797429B8BECB0030CA15 /* AccelerometerObservation.swift */,
				1F80EC4629C83F74004667B1 /* iOSObservationDataManager.swift */,
				1FE4446F29C849DC006AA11C /* Semaphore.swift */,
				1FE4447129C85D94006AA11C /* IOSDataRecorder.swift */,
				07D9046729C85166003D2912 /* GPSObservation.swift */,
			);
			path = Observations;
			sourceTree = "<group>";
		};
		1F43998A29C1005200687906 /* Notification */ = {
			isa = PBXGroup;
			children = (
				1F43998B29C1006800687906 /* NotificationView.swift */,
			);
			path = Notification;
			sourceTree = "<group>";
		};
		1F43998D29C100FC00687906 /* Info */ = {
			isa = PBXGroup;
			children = (
				1F43998E29C1010400687906 /* InfoView.swift */,
				1FDC264729C1CEF40011D8A4 /* InfoListItem.swift */,
				1FDC264B29C1D1660011D8A4 /* InfoList.swift */,
			);
			path = Info;
			sourceTree = "<group>";
		};
		1F8847B829914BD50023EF10 /* Components */ = {
			isa = PBXGroup;
			children = (
				1F80EC3E29C223BC004667B1 /* MoreMainBackground.swift */,
				1F8847B929914C8D0023EF10 /* Title.swift */,
				B784169129C9E3F50035D830 /* Title2.swift */,
				1F8847E72992BEE30023EF10 /* BasicText.swift */,
				1F8847CD299155F50023EF10 /* SectionHeading.swift */,
				1F8847D1299158880023EF10 /* UIToggleFoldViewButton.swift */,
				1F8847D729915C030023EF10 /* MoreTextField.swift */,
				1F8847E129917F5D0023EF10 /* MoreActionButton.swift */,
				1F13BA422993951200938C1E /* ConsentList.swift */,
				1F13BA462993972E00938C1E /* ConsentListItem.swift */,
				1F13BA44299396B200938C1E /* ConsentListHeader.swift */,
				1F13BA482993985800938C1E /* InactiveText.swift */,
				1F60C58529951A5F00858581 /* ErrorText.swift */,
				ED16C5E629B72E2F00DA8AFE /* MoreFilter.swift */,
				EDD808D629BF4C3A005779DC /* MoreBackButton.swift */,
				1FDC264929C1CFE80011D8A4 /* NavigationText.swift */,
				B784168F29C8B1DA0035D830 /* InlineAbortButton.swift */,
				B784169529C9FB2C0035D830 /* AccordionItem.swift */,
				B784169729CA08850035D830 /* CircleActivityIndicator.swift */,
				B784169929CA18320035D830 /* DatapointsCollection.swift */,
				B748DF3529CC43990026C348 /* ExpandableText.swift */,
				B748DF3B29CC6B380026C348 /* ObservatinoDetailsData.swift */,
			);
			path = Components;
			sourceTree = "<group>";
		};
		1F8847C22991517F0023EF10 /* Resources */ = {
			isa = PBXGroup;
			children = (
				1F8847C4299151980023EF10 /* Strings */,
				1F8847C32991518E0023EF10 /* Assets */,
			);
			path = Resources;
			sourceTree = "<group>";
		};
		1F8847C32991518E0023EF10 /* Assets */ = {
			isa = PBXGroup;
			children = (
				058557BA273AAA24004C7B11 /* Assets.xcassets */,
				1F9DB1A2298D022E00DBB7DB /* MoreImages.xcassets */,
				1F9DB1A4298D02FB00DBB7DB /* MoreColors.xcassets */,
			);
			path = Assets;
			sourceTree = "<group>";
		};
		1F8847C4299151980023EF10 /* Strings */ = {
			isa = PBXGroup;
			children = (
				1F8847BF29914E7F0023EF10 /* LoginView.strings */,
				1F8847C52991523D0023EF10 /* Default.strings */,
				1F17C08B29952C29000E124A /* ConsentView.strings */,
				ED5EBB3029B1F44900BAF0A6 /* DashboardView.strings */,
				ED16C5F329B75FF000DA8AFE /* ScheduleListView.strings */,
				EDBB2B4B29B8D1C500CA973E /* SettingsView.strings */,
				1F43997329B8D70800687906 /* ScheduleViewModel.strings */,
				1F80EC4029C25025004667B1 /* Navigation.strings */,
				B748DF3329CAFBA90026C348 /* TaskDetail.strings */,
				B748DF3729CC4AD30026C348 /* ExpandableText.strings */,
			);
			path = Strings;
			sourceTree = "<group>";
		};
		1F8847CB299154650023EF10 /* Extensions */ = {
			isa = PBXGroup;
			children = (
				1FDC264529C1C60F0011D8A4 /* ListViewExtension.swift */,
				1F8847C029914FD60023EF10 /* StringExtension.swift */,
				1F34797229B8BC1B0030CA15 /* NetworkServiceExtension.swift */,
				EDDAEDAF29B5DAD700141491 /* UISegmentedControlExtension.swift */,
				EDBB2B4329B8B2A100CA973E /* Int64Extension.swift */,
				1F43998029B8EA5100687906 /* DictionaryExtension.swift */,
				1F6D338029C1D2C70036532B /* ViewModifierExtension.swift */,
				1F6D338429C1DD6D0036532B /* ScheduleModelExtension.swift */,
				1F80EC4429C2524F004667B1 /* NavigationScreens.swift */,
			);
			path = Extensions;
			sourceTree = "<group>";
		};
		1F8847ED29938C500023EF10 /* Consent */ = {
			isa = PBXGroup;
			children = (
				1F8847EE29938C610023EF10 /* ConsentView.swift */,
				1F8847F029938C6B0023EF10 /* ConsentViewModel.swift */,
			);
			path = Consent;
			sourceTree = "<group>";
		};
		1F9C3E8B298AAC0000B9AC82 /* Views */ = {
			isa = PBXGroup;
			children = (
				ED7AE1E929C8A24000616B93 /* TaskDetails */,
				1F43998D29C100FC00687906 /* Info */,
				1F43998A29C1005200687906 /* Notification */,
				EDBB2B4629B8CFAE00CA973E /* Settings */,
				EDEBA13129B0D2CC00533F79 /* Dashboard */,
				1F8847ED29938C500023EF10 /* Consent */,
				1F8847B829914BD50023EF10 /* Components */,
				1F9C3E8C298AAC0900B9AC82 /* Login */,
				1F9C3E8F298AACC100B9AC82 /* MoreMainBackgroundView.swift */,
				1F43998429C0FE2200687906 /* Navigation.swift */,
				1F43998829C0FF3E00687906 /* MainTabView.swift */,
			);
			path = Views;
			sourceTree = "<group>";
		};
		1F9C3E8C298AAC0900B9AC82 /* Login */ = {
			isa = PBXGroup;
			children = (
				1F8847B629911E6E0023EF10 /* LoginViewModel.swift */,
				1F9C3E8D298AAC1A00B9AC82 /* LoginView.swift */,
				1F8847E5299182C90023EF10 /* LoginButton.swift */,
			);
			path = Login;
			sourceTree = "<group>";
		};
		1F9DB1A1298CF57600DBB7DB /* Style */ = {
			isa = PBXGroup;
			children = (
				1F9DB19F298CF44000DBB7DB /* MoreColor.swift */,
				1F8847C72991535B0023EF10 /* MoreFontWeight.swift */,
				1F8847C9299154120023EF10 /* MoreFont.swift */,
				1F8847D3299158BC0023EF10 /* MoreImage.swift */,
				1F8847D529915ADE0023EF10 /* MoreAnimation.swift */,
				1F8847DF299160400023EF10 /* MoreTextFieldStyle.swift */,
				1F8847E3299180980023EF10 /* MoreBorder.swift */,
				1F8847E92992C0060023EF10 /* MoreContainer.swift */,
				1F8847EB2992C3240023EF10 /* MoreFrame.swift */,
				1F13BA4A299398FD00938C1E /* MoreTextStyle.swift */,
				1F13BA4C29939E4F00938C1E /* MoreListStyleEdgeInsets.swift */,
			);
			path = Style;
			sourceTree = "<group>";
		};
		7555FF72242A565900829871 = {
			isa = PBXGroup;
			children = (
				7555FF7D242A565900829871 /* iosApp */,
				7555FF7C242A565900829871 /* Products */,
				7555FFB0242A642200829871 /* Frameworks */,
				1F0BFA2D29B8D399003B3AB9 /* Recovered References */,
			);
			sourceTree = "<group>";
		};
		7555FF7C242A565900829871 /* Products */ = {
			isa = PBXGroup;
			children = (
				7555FF7B242A565900829871 /* iosApp.app */,
			);
			name = Products;
			sourceTree = "<group>";
		};
		7555FF7D242A565900829871 /* iosApp */ = {
			isa = PBXGroup;
			children = (
				1F34796F29B8AFCB0030CA15 /* Observations */,
				07EF6C3F29B5E09500CEF37D /* Permissions */,
				1F8847C22991517F0023EF10 /* Resources */,
				1F8847CB299154650023EF10 /* Extensions */,
				1F9DB1A1298CF57600DBB7DB /* Style */,
				1F9C3E8B298AAC0000B9AC82 /* Views */,
				7555FF82242A565900829871 /* ContentView.swift */,
				1F13BA4E2993A2A600938C1E /* ContentViewModel.swift */,
				7555FF8C242A565B00829871 /* Info.plist */,
				2152FB032600AC8F00CF470E /* iOSApp.swift */,
				058557D7273AAEEB004C7B11 /* Preview Content */,
			);
			path = iosApp;
			sourceTree = "<group>";
		};
		7555FFB0242A642200829871 /* Frameworks */ = {
			isa = PBXGroup;
			children = (
			);
			name = Frameworks;
			sourceTree = "<group>";
		};
		ED16C5EE29B74C4A00DA8AFE /* Schedule */ = {
			isa = PBXGroup;
			children = (
				1F43996E29B8D6FB00687906 /* ScheduleView.swift */,
				1F43996F29B8D6FB00687906 /* ScheduleViewModel.swift */,
				ED16C5F529B764B000DA8AFE /* List */,
			);
			path = Schedule;
			sourceTree = "<group>";
		};
		ED16C5F529B764B000DA8AFE /* List */ = {
			isa = PBXGroup;
			children = (
				1F43997529B8D70800687906 /* ObservationDetails.swift */,
				1F43997229B8D70800687906 /* ScheduleList.swift */,
				1F43997629B8D70800687906 /* ScheduleListItem.swift */,
				1F43997429B8D70800687906 /* ObservationButton.swift */,
			);
			path = List;
			sourceTree = "<group>";
		};
		ED7AE1E929C8A24000616B93 /* TaskDetails */ = {
			isa = PBXGroup;
			children = (
				ED7AE1EA29C8A2B200616B93 /* TaskDetailsViewModel.swift */,
				ED7AE1EC29C8A2BF00616B93 /* TaskDetailsView.swift */,
			);
			path = TaskDetails;
			sourceTree = "<group>";
		};
		EDBB2B4629B8CFAE00CA973E /* Settings */ = {
			isa = PBXGroup;
			children = (
				EDBB2B4729B8CFE400CA973E /* SettingsViewModel.swift */,
				EDBB2B4929B8CFF000CA973E /* SettingsView.swift */,
			);
			path = Settings;
			sourceTree = "<group>";
		};
		EDEBA13129B0D2CC00533F79 /* Dashboard */ = {
			isa = PBXGroup;
			children = (
				ED16C5E829B7309F00DA8AFE /* StudyTitleForwardButton.swift */,
				EDEBA13429B0D30200533F79 /* DashboardView.swift */,
				EDEBA13229B0D2EE00533F79 /* DashboardViewModel.swift */,
				ED16C5EA29B7380300DA8AFE /* DashboardPicker.swift */,
				ED16C5EC29B73ADF00DA8AFE /* TaskProgressView.swift */,
				ED16C5EE29B74C4A00DA8AFE /* Schedule */,
			);
			path = Dashboard;
			sourceTree = "<group>";
		};
/* End PBXGroup section */

/* Begin PBXNativeTarget section */
		7555FF7A242A565900829871 /* iosApp */ = {
			isa = PBXNativeTarget;
			buildConfigurationList = 7555FFA5242A565B00829871 /* Build configuration list for PBXNativeTarget "iosApp" */;
			buildPhases = (
				7555FFB5242A651A00829871 /* ShellScript */,
				7555FF77242A565900829871 /* Sources */,
				7555FF78242A565900829871 /* Frameworks */,
				7555FF79242A565900829871 /* Resources */,
				7555FFB4242A642300829871 /* Embed Frameworks */,
			);
			buildRules = (
			);
			dependencies = (
			);
			name = iosApp;
			packageProductDependencies = (
				ED7B7A3F29B7A36300C724AB /* Realm */,
				ED7B7A4129B7A36300C724AB /* RealmSwift */,
				EDACF62629D2F31D0032327B /* PolarBleSdk */,
			);
			productName = iosApp;
			productReference = 7555FF7B242A565900829871 /* iosApp.app */;
			productType = "com.apple.product-type.application";
		};
/* End PBXNativeTarget section */

/* Begin PBXProject section */
		7555FF73242A565900829871 /* Project object */ = {
			isa = PBXProject;
			attributes = {
				LastSwiftUpdateCheck = 1130;
				LastUpgradeCheck = 1130;
				ORGANIZATIONNAME = orgName;
				TargetAttributes = {
					7555FF7A242A565900829871 = {
						CreatedOnToolsVersion = 11.3.1;
					};
				};
			};
			buildConfigurationList = 7555FF76242A565900829871 /* Build configuration list for PBXProject "iosApp" */;
			compatibilityVersion = "Xcode 9.3";
			developmentRegion = en;
			hasScannedForEncodings = 0;
			knownRegions = (
				en,
				Base,
			);
			mainGroup = 7555FF72242A565900829871;
			packageReferences = (
				ED7B7A3E29B7A36300C724AB /* XCRemoteSwiftPackageReference "realm-swift" */,
				EDACF62529D2F31D0032327B /* XCRemoteSwiftPackageReference "polar-ble-sdk" */,
			);
			productRefGroup = 7555FF7C242A565900829871 /* Products */;
			projectDirPath = "";
			projectRoot = "";
			targets = (
				7555FF7A242A565900829871 /* iosApp */,
			);
		};
/* End PBXProject section */

/* Begin PBXResourcesBuildPhase section */
		7555FF79242A565900829871 /* Resources */ = {
			isa = PBXResourcesBuildPhase;
			buildActionMask = 2147483647;
			files = (
				ED5EBB3129B1F44900BAF0A6 /* DashboardView.strings in Resources */,
				1F8847C62991523D0023EF10 /* Default.strings in Resources */,
				1F80EC4129C25025004667B1 /* Navigation.strings in Resources */,
				1F9DB1A5298D02FB00DBB7DB /* MoreColors.xcassets in Resources */,
				058557D9273AAEEB004C7B11 /* Preview Assets.xcassets in Resources */,
				1F9DB1A3298D022E00DBB7DB /* MoreImages.xcassets in Resources */,
				B748DF3429CAFBA90026C348 /* TaskDetail.strings in Resources */,
				1F17C08C29952C29000E124A /* ConsentView.strings in Resources */,
				EDBB2B4C29B8D1C500CA973E /* SettingsView.strings in Resources */,
				058557BB273AAA24004C7B11 /* Assets.xcassets in Resources */,
				1F8847BD29914E7F0023EF10 /* LoginView.strings in Resources */,
				1F43997A29B8D70800687906 /* ScheduleViewModel.strings in Resources */,
				ED16C5F429B75FF000DA8AFE /* ScheduleListView.strings in Resources */,
				B748DF3829CC4AD30026C348 /* ExpandableText.strings in Resources */,
			);
			runOnlyForDeploymentPostprocessing = 0;
		};
/* End PBXResourcesBuildPhase section */

/* Begin PBXShellScriptBuildPhase section */
		7555FFB5242A651A00829871 /* ShellScript */ = {
			isa = PBXShellScriptBuildPhase;
			buildActionMask = 2147483647;
			files = (
			);
			inputFileListPaths = (
			);
			inputPaths = (
			);
			outputFileListPaths = (
			);
			outputPaths = (
			);
			runOnlyForDeploymentPostprocessing = 0;
			shellPath = /bin/sh;
			shellScript = "cd \"$SRCROOT/..\" \t\n./gradlew :shared:embedAndSignAppleFrameworkForXcode\n";
		};
/* End PBXShellScriptBuildPhase section */

/* Begin PBXSourcesBuildPhase section */
		7555FF77242A565900829871 /* Sources */ = {
			isa = PBXSourcesBuildPhase;
			buildActionMask = 2147483647;
			files = (
				B784169029C8B1DA0035D830 /* InlineAbortButton.swift in Sources */,
				1F13BA432993951200938C1E /* ConsentList.swift in Sources */,
				1F8847E6299182C90023EF10 /* LoginButton.swift in Sources */,
				1F8847E4299180980023EF10 /* MoreBorder.swift in Sources */,
				1F8847CA299154120023EF10 /* MoreFont.swift in Sources */,
				1F43998929C0FF3E00687906 /* MainTabView.swift in Sources */,
				1F8847E229917F5D0023EF10 /* MoreActionButton.swift in Sources */,
				ED7AE1EB29C8A2B200616B93 /* TaskDetailsViewModel.swift in Sources */,
				1F8847D4299158BD0023EF10 /* MoreImage.swift in Sources */,
				1F8847C82991535B0023EF10 /* MoreFontWeight.swift in Sources */,
				1F13BA4B299398FD00938C1E /* MoreTextStyle.swift in Sources */,
				1F43998529C0FE2200687906 /* Navigation.swift in Sources */,
				1F43998129B8EA5100687906 /* DictionaryExtension.swift in Sources */,
				1FE4447029C849DC006AA11C /* Semaphore.swift in Sources */,
				1F80EC3F29C223BC004667B1 /* MoreMainBackground.swift in Sources */,
				1F8847CE299155F50023EF10 /* SectionHeading.swift in Sources */,
				1F80EC4529C2524F004667B1 /* NavigationScreens.swift in Sources */,
				1F8847D829915C030023EF10 /* MoreTextField.swift in Sources */,
				1F43997C29B8D70800687906 /* ObservationDetails.swift in Sources */,
				1F13BA492993985800938C1E /* InactiveText.swift in Sources */,
				1F8847EF29938C610023EF10 /* ConsentView.swift in Sources */,
				1F80EC4729C83F74004667B1 /* iOSObservationDataManager.swift in Sources */,
				1F43998F29C1010400687906 /* InfoView.swift in Sources */,
				EDBB2B4A29B8CFF000CA973E /* SettingsView.swift in Sources */,
				1FDC264C29C1D1660011D8A4 /* InfoList.swift in Sources */,
				B784169229C9E3F50035D830 /* Title2.swift in Sources */,
				EDD808D729BF4C3A005779DC /* MoreBackButton.swift in Sources */,
				1F8847BA29914C8D0023EF10 /* Title.swift in Sources */,
				1F9C3E8E298AAC1A00B9AC82 /* LoginView.swift in Sources */,
				2152FB042600AC8F00CF470E /* iOSApp.swift in Sources */,
				EDDAEDB029B5DAD700141491 /* UISegmentedControlExtension.swift in Sources */,
				EDEBA13329B0D2EE00533F79 /* DashboardViewModel.swift in Sources */,
				1F43997D29B8D70800687906 /* ScheduleListItem.swift in Sources */,
				1F43997B29B8D70800687906 /* ObservationButton.swift in Sources */,
				1F8847B729911E6E0023EF10 /* LoginViewModel.swift in Sources */,
				1F13BA4D29939E4F00938C1E /* MoreListStyleEdgeInsets.swift in Sources */,
				1F8847D2299158880023EF10 /* UIToggleFoldViewButton.swift in Sources */,
				1F13BA45299396B200938C1E /* ConsentListHeader.swift in Sources */,
				1FDC264629C1C60F0011D8A4 /* ListViewExtension.swift in Sources */,
				1F43997129B8D6FB00687906 /* ScheduleViewModel.swift in Sources */,
				B784169829CA08850035D830 /* CircleActivityIndicator.swift in Sources */,
				B748DF3C29CC6B380026C348 /* ObservatinoDetailsData.swift in Sources */,
				1FDC264829C1CEF40011D8A4 /* InfoListItem.swift in Sources */,
				ED16C5EB29B7380300DA8AFE /* DashboardPicker.swift in Sources */,
				1FE4447229C85D94006AA11C /* IOSDataRecorder.swift in Sources */,
				1F6D338529C1DD6D0036532B /* ScheduleModelExtension.swift in Sources */,
				1F8847C129914FD60023EF10 /* StringExtension.swift in Sources */,
				B748DF3629CC43990026C348 /* ExpandableText.swift in Sources */,
				ED16C5ED29B73ADF00DA8AFE /* TaskProgressView.swift in Sources */,
				1F34797529B8BECB0030CA15 /* AccelerometerObservation.swift in Sources */,
				07D9046829C85166003D2912 /* GPSObservation.swift in Sources */,
				1F13BA472993972E00938C1E /* ConsentListItem.swift in Sources */,
				1FDC264A29C1CFE80011D8A4 /* NavigationText.swift in Sources */,
				1F9C3E90298AACC100B9AC82 /* MoreMainBackgroundView.swift in Sources */,
				7555FF83242A565900829871 /* ContentView.swift in Sources */,
				1F8847E0299160400023EF10 /* MoreTextFieldStyle.swift in Sources */,
				ED16C5E929B7309F00DA8AFE /* StudyTitleForwardButton.swift in Sources */,
				1F13BA4F2993A2A600938C1E /* ContentViewModel.swift in Sources */,
				ED7AE1ED29C8A2BF00616B93 /* TaskDetailsView.swift in Sources */,
				ED16C5E729B72E2F00DA8AFE /* MoreFilter.swift in Sources */,
				B784169629C9FB2C0035D830 /* AccordionItem.swift in Sources */,
				1F43997029B8D6FB00687906 /* ScheduleView.swift in Sources */,
				1F60C58629951A5F00858581 /* ErrorText.swift in Sources */,
				1F43997929B8D70800687906 /* ScheduleList.swift in Sources */,
				EDEBA13529B0D30200533F79 /* DashboardView.swift in Sources */,
				1F8847EA2992C0060023EF10 /* MoreContainer.swift in Sources */,
				1F8847EC2992C3240023EF10 /* MoreFrame.swift in Sources */,
				1F8847E82992BEE30023EF10 /* BasicText.swift in Sources */,
				07EF6C4129B5E0C700CEF37D /* PermissionManager.swift in Sources */,
				EDBB2B4429B8B2A100CA973E /* Int64Extension.swift in Sources */,
				1F34797129B8AFE10030CA15 /* IOSObservationFactory.swift in Sources */,
				1F34797329B8BC1B0030CA15 /* NetworkServiceExtension.swift in Sources */,
				B784169A29CA18320035D830 /* DatapointsCollection.swift in Sources */,
				1F43998C29C1006800687906 /* NotificationView.swift in Sources */,
				1F9DB1A0298CF44000DBB7DB /* MoreColor.swift in Sources */,
				1F8847D629915ADE0023EF10 /* MoreAnimation.swift in Sources */,
				1F6D338129C1D2C70036532B /* ViewModifierExtension.swift in Sources */,
				1F8847F129938C6B0023EF10 /* ConsentViewModel.swift in Sources */,
				EDBB2B4829B8CFE400CA973E /* SettingsViewModel.swift in Sources */,
			);
			runOnlyForDeploymentPostprocessing = 0;
		};
/* End PBXSourcesBuildPhase section */

/* Begin PBXVariantGroup section */
		1F8847BF29914E7F0023EF10 /* LoginView.strings */ = {
			isa = PBXVariantGroup;
			children = (
				1F8847BE29914E7F0023EF10 /* en */,
			);
			name = LoginView.strings;
			sourceTree = "<group>";
		};
/* End PBXVariantGroup section */

/* Begin XCBuildConfiguration section */
		7555FFA3242A565B00829871 /* Debug */ = {
			isa = XCBuildConfiguration;
			buildSettings = {
				ALWAYS_SEARCH_USER_PATHS = NO;
				CLANG_ANALYZER_LOCALIZABILITY_NONLOCALIZED = YES;
				CLANG_ANALYZER_NONNULL = YES;
				CLANG_ANALYZER_NUMBER_OBJECT_CONVERSION = YES_AGGRESSIVE;
				CLANG_CXX_LANGUAGE_STANDARD = "gnu++14";
				CLANG_CXX_LIBRARY = "libc++";
				CLANG_ENABLE_MODULES = YES;
				CLANG_ENABLE_OBJC_ARC = YES;
				CLANG_ENABLE_OBJC_WEAK = YES;
				CLANG_WARN_BLOCK_CAPTURE_AUTORELEASING = YES;
				CLANG_WARN_BOOL_CONVERSION = YES;
				CLANG_WARN_COMMA = YES;
				CLANG_WARN_CONSTANT_CONVERSION = YES;
				CLANG_WARN_DEPRECATED_OBJC_IMPLEMENTATIONS = YES;
				CLANG_WARN_DIRECT_OBJC_ISA_USAGE = YES_ERROR;
				CLANG_WARN_DOCUMENTATION_COMMENTS = YES;
				CLANG_WARN_EMPTY_BODY = YES;
				CLANG_WARN_ENUM_CONVERSION = YES;
				CLANG_WARN_INFINITE_RECURSION = YES;
				CLANG_WARN_INT_CONVERSION = YES;
				CLANG_WARN_NON_LITERAL_NULL_CONVERSION = YES;
				CLANG_WARN_OBJC_IMPLICIT_RETAIN_SELF = YES;
				CLANG_WARN_OBJC_LITERAL_CONVERSION = YES;
				CLANG_WARN_OBJC_ROOT_CLASS = YES_ERROR;
				CLANG_WARN_QUOTED_INCLUDE_IN_FRAMEWORK_HEADER = YES;
				CLANG_WARN_RANGE_LOOP_ANALYSIS = YES;
				CLANG_WARN_STRICT_PROTOTYPES = YES;
				CLANG_WARN_SUSPICIOUS_MOVE = YES;
				CLANG_WARN_UNGUARDED_AVAILABILITY = YES_AGGRESSIVE;
				CLANG_WARN_UNREACHABLE_CODE = YES;
				CLANG_WARN__DUPLICATE_METHOD_MATCH = YES;
				COPY_PHASE_STRIP = NO;
				DEBUG_INFORMATION_FORMAT = "dwarf-with-dsym";
				ENABLE_STRICT_OBJC_MSGSEND = YES;
				ENABLE_TESTABILITY = YES;
				GCC_C_LANGUAGE_STANDARD = gnu11;
				GCC_DYNAMIC_NO_PIC = NO;
				GCC_NO_COMMON_BLOCKS = YES;
				GCC_OPTIMIZATION_LEVEL = 0;
				GCC_PREPROCESSOR_DEFINITIONS = (
					"DEBUG=1",
					"$(inherited)",
				);
				GCC_WARN_64_TO_32_BIT_CONVERSION = YES;
				GCC_WARN_ABOUT_RETURN_TYPE = YES_ERROR;
				GCC_WARN_UNDECLARED_SELECTOR = YES;
				GCC_WARN_UNINITIALIZED_AUTOS = YES_AGGRESSIVE;
				GCC_WARN_UNUSED_FUNCTION = YES;
				GCC_WARN_UNUSED_VARIABLE = YES;
				IPHONEOS_DEPLOYMENT_TARGET = 14.1;
				MTL_ENABLE_DEBUG_INFO = INCLUDE_SOURCE;
				MTL_FAST_MATH = YES;
				ONLY_ACTIVE_ARCH = YES;
				SDKROOT = iphoneos;
				SWIFT_ACTIVE_COMPILATION_CONDITIONS = DEBUG;
				SWIFT_OPTIMIZATION_LEVEL = "-Onone";
			};
			name = Debug;
		};
		7555FFA4242A565B00829871 /* Release */ = {
			isa = XCBuildConfiguration;
			buildSettings = {
				ALWAYS_SEARCH_USER_PATHS = NO;
				CLANG_ANALYZER_LOCALIZABILITY_NONLOCALIZED = YES;
				CLANG_ANALYZER_NONNULL = YES;
				CLANG_ANALYZER_NUMBER_OBJECT_CONVERSION = YES_AGGRESSIVE;
				CLANG_CXX_LANGUAGE_STANDARD = "gnu++14";
				CLANG_CXX_LIBRARY = "libc++";
				CLANG_ENABLE_MODULES = YES;
				CLANG_ENABLE_OBJC_ARC = YES;
				CLANG_ENABLE_OBJC_WEAK = YES;
				CLANG_WARN_BLOCK_CAPTURE_AUTORELEASING = YES;
				CLANG_WARN_BOOL_CONVERSION = YES;
				CLANG_WARN_COMMA = YES;
				CLANG_WARN_CONSTANT_CONVERSION = YES;
				CLANG_WARN_DEPRECATED_OBJC_IMPLEMENTATIONS = YES;
				CLANG_WARN_DIRECT_OBJC_ISA_USAGE = YES_ERROR;
				CLANG_WARN_DOCUMENTATION_COMMENTS = YES;
				CLANG_WARN_EMPTY_BODY = YES;
				CLANG_WARN_ENUM_CONVERSION = YES;
				CLANG_WARN_INFINITE_RECURSION = YES;
				CLANG_WARN_INT_CONVERSION = YES;
				CLANG_WARN_NON_LITERAL_NULL_CONVERSION = YES;
				CLANG_WARN_OBJC_IMPLICIT_RETAIN_SELF = YES;
				CLANG_WARN_OBJC_LITERAL_CONVERSION = YES;
				CLANG_WARN_OBJC_ROOT_CLASS = YES_ERROR;
				CLANG_WARN_QUOTED_INCLUDE_IN_FRAMEWORK_HEADER = YES;
				CLANG_WARN_RANGE_LOOP_ANALYSIS = YES;
				CLANG_WARN_STRICT_PROTOTYPES = YES;
				CLANG_WARN_SUSPICIOUS_MOVE = YES;
				CLANG_WARN_UNGUARDED_AVAILABILITY = YES_AGGRESSIVE;
				CLANG_WARN_UNREACHABLE_CODE = YES;
				CLANG_WARN__DUPLICATE_METHOD_MATCH = YES;
				COPY_PHASE_STRIP = NO;
				DEBUG_INFORMATION_FORMAT = "dwarf-with-dsym";
				ENABLE_NS_ASSERTIONS = NO;
				ENABLE_STRICT_OBJC_MSGSEND = YES;
				GCC_C_LANGUAGE_STANDARD = gnu11;
				GCC_NO_COMMON_BLOCKS = YES;
				GCC_WARN_64_TO_32_BIT_CONVERSION = YES;
				GCC_WARN_ABOUT_RETURN_TYPE = YES_ERROR;
				GCC_WARN_UNDECLARED_SELECTOR = YES;
				GCC_WARN_UNINITIALIZED_AUTOS = YES_AGGRESSIVE;
				GCC_WARN_UNUSED_FUNCTION = YES;
				GCC_WARN_UNUSED_VARIABLE = YES;
				IPHONEOS_DEPLOYMENT_TARGET = 14.1;
				MTL_ENABLE_DEBUG_INFO = NO;
				MTL_FAST_MATH = YES;
				SDKROOT = iphoneos;
				SWIFT_COMPILATION_MODE = wholemodule;
				SWIFT_OPTIMIZATION_LEVEL = "-O";
				VALIDATE_PRODUCT = YES;
			};
			name = Release;
		};
		7555FFA6242A565B00829871 /* Debug */ = {
			isa = XCBuildConfiguration;
			buildSettings = {
				ASSETCATALOG_COMPILER_APPICON_NAME = AppIcon;
				CODE_SIGN_IDENTITY = "Apple Development";
				CODE_SIGN_STYLE = Automatic;
				DEVELOPMENT_ASSET_PATHS = "\"iosApp/Preview Content\"";
				DEVELOPMENT_TEAM = 38JZH6K694;
				ENABLE_PREVIEWS = YES;
				FRAMEWORK_SEARCH_PATHS = (
					"$(inherited)",
					"$(SRCROOT)/../shared/build/xcode-frameworks/$(CONFIGURATION)/$(SDK_NAME)",
				);
				INFOPLIST_FILE = iosApp/Info.plist;
				INFOPLIST_KEY_CFBundleDisplayName = More;
				INFOPLIST_KEY_LSApplicationCategoryType = "public.app-category.healthcare-fitness";
				LD_RUNPATH_SEARCH_PATHS = (
					"$(inherited)",
					"@executable_path/Frameworks",
				);
				MARKETING_VERSION = 0.1;
				OTHER_LDFLAGS = (
					"$(inherited)",
					"-framework",
					shared,
				);
				PRODUCT_BUNDLE_IDENTIFIER = io.redlink.more.app.multiplatform;
				PRODUCT_NAME = "$(TARGET_NAME)";
				SUPPORTED_PLATFORMS = "iphoneos iphonesimulator";
				SUPPORTS_MACCATALYST = NO;
				SUPPORTS_MAC_DESIGNED_FOR_IPHONE_IPAD = NO;
				SWIFT_VERSION = 5.0;
				TARGETED_DEVICE_FAMILY = 1;
			};
			name = Debug;
		};
		7555FFA7242A565B00829871 /* Release */ = {
			isa = XCBuildConfiguration;
			buildSettings = {
				ASSETCATALOG_COMPILER_APPICON_NAME = AppIcon;
				CODE_SIGN_STYLE = Automatic;
				DEVELOPMENT_ASSET_PATHS = "\"iosApp/Preview Content\"";
				DEVELOPMENT_TEAM = 38JZH6K694;
				ENABLE_PREVIEWS = YES;
				FRAMEWORK_SEARCH_PATHS = (
					"$(inherited)",
					"$(SRCROOT)/../shared/build/xcode-frameworks/$(CONFIGURATION)/$(SDK_NAME)",
				);
				INFOPLIST_FILE = iosApp/Info.plist;
				INFOPLIST_KEY_CFBundleDisplayName = More;
				INFOPLIST_KEY_LSApplicationCategoryType = "public.app-category.healthcare-fitness";
				LD_RUNPATH_SEARCH_PATHS = (
					"$(inherited)",
					"@executable_path/Frameworks",
				);
				MARKETING_VERSION = 0.1;
				OTHER_LDFLAGS = (
					"$(inherited)",
					"-framework",
					shared,
				);
				PRODUCT_BUNDLE_IDENTIFIER = io.redlink.more.app.multiplatform;
				PRODUCT_NAME = "$(TARGET_NAME)";
				SUPPORTED_PLATFORMS = "iphoneos iphonesimulator";
				SUPPORTS_MACCATALYST = NO;
				SUPPORTS_MAC_DESIGNED_FOR_IPHONE_IPAD = NO;
				SWIFT_VERSION = 5.0;
				TARGETED_DEVICE_FAMILY = 1;
			};
			name = Release;
		};
/* End XCBuildConfiguration section */

/* Begin XCConfigurationList section */
		7555FF76242A565900829871 /* Build configuration list for PBXProject "iosApp" */ = {
			isa = XCConfigurationList;
			buildConfigurations = (
				7555FFA3242A565B00829871 /* Debug */,
				7555FFA4242A565B00829871 /* Release */,
			);
			defaultConfigurationIsVisible = 0;
			defaultConfigurationName = Release;
		};
		7555FFA5242A565B00829871 /* Build configuration list for PBXNativeTarget "iosApp" */ = {
			isa = XCConfigurationList;
			buildConfigurations = (
				7555FFA6242A565B00829871 /* Debug */,
				7555FFA7242A565B00829871 /* Release */,
			);
			defaultConfigurationIsVisible = 0;
			defaultConfigurationName = Release;
		};
/* End XCConfigurationList section */

/* Begin XCRemoteSwiftPackageReference section */
		ED7B7A3E29B7A36300C724AB /* XCRemoteSwiftPackageReference "realm-swift" */ = {
			isa = XCRemoteSwiftPackageReference;
			repositoryURL = "https://github.com/realm/realm-swift.git";
			requirement = {
				branch = master;
				kind = branch;
			};
		};
		EDACF62529D2F31D0032327B /* XCRemoteSwiftPackageReference "polar-ble-sdk" */ = {
			isa = XCRemoteSwiftPackageReference;
			repositoryURL = "https://github.com/polarofficial/polar-ble-sdk.git";
			requirement = {
				kind = upToNextMajorVersion;
				minimumVersion = 5.0.0;
			};
		};
/* End XCRemoteSwiftPackageReference section */

/* Begin XCSwiftPackageProductDependency section */
		ED7B7A3F29B7A36300C724AB /* Realm */ = {
			isa = XCSwiftPackageProductDependency;
			package = ED7B7A3E29B7A36300C724AB /* XCRemoteSwiftPackageReference "realm-swift" */;
			productName = Realm;
		};
		ED7B7A4129B7A36300C724AB /* RealmSwift */ = {
			isa = XCSwiftPackageProductDependency;
			package = ED7B7A3E29B7A36300C724AB /* XCRemoteSwiftPackageReference "realm-swift" */;
			productName = RealmSwift;
		};
		EDACF62629D2F31D0032327B /* PolarBleSdk */ = {
			isa = XCSwiftPackageProductDependency;
			package = EDACF62529D2F31D0032327B /* XCRemoteSwiftPackageReference "polar-ble-sdk" */;
			productName = PolarBleSdk;
		};
/* End XCSwiftPackageProductDependency section */
	};
	rootObject = 7555FF73242A565900829871 /* Project object */;
}
